
Microsoft Visual Studio Solution File, Format Version 12.00
# Visual Studio 15
VisualStudioVersion = 15.0.28307.438
MinimumVisualStudioVersion = 10.0.40219.1
Project("{FAE04EC0-301F-11D3-BF4B-00C04F79EFBC}") = "SimpleShoppingList", "SimpleShoppingList\SimpleShoppingList.csproj", "{450D1B10-B7FC-4738-B7C0-AF8D51EF89B3}"
EndProject
Global
	GlobalSection(SolutionConfigurationPlatforms) = preSolution
		Debug|Any CPU = Debug|Any CPU
		Release|Any CPU = Release|Any CPU
	EndGlobalSection
	GlobalSection(ProjectConfigurationPlatforms) = postSolution
		{450D1B10-B7FC-4738-B7C0-AF8D51EF89B3}.Debug|Any CPU.ActiveCfg = Debug|Any CPU
		{450D1B10-B7FC-4738-B7C0-AF8D51EF89B3}.Debug|Any CPU.Build.0 = Debug|Any CPU
		{450D1B10-B7FC-4738-B7C0-AF8D51EF89B3}.Release|Any CPU.ActiveCfg = Release|Any CPU
		{450D1B10-B7FC-4738-B7C0-AF8D51EF89B3}.Release|Any CPU.Build.0 = Release|Any CPU
	EndGlobalSection
	GlobalSection(SolutionProperties) = preSolution
		HideSolutionNode = FALSE
	EndGlobalSection
	GlobalSection(ExtensibilityGlobals) = postSolution
		SolutionGuid = {3C4F376D-1D9D-4D1C-88B9-ED10854F8061}
	EndGlobalSection
EndGlobal
